
Microsoft Visual Studio Solution File, Format Version 12.00
# Visual Studio 15
VisualStudioVersion = 15.0.26730.16
MinimumVisualStudioVersion = 10.0.40219.1
Project("{2150E333-8FDC-42A3-9474-1A3956D46DE8}") = "src", "src", "{2260B1B4-9A09-425D-8A62-511C8AA95C78}"
EndProject
Project("{2150E333-8FDC-42A3-9474-1A3956D46DE8}") = "Solution Items", "Solution Items", "{2A043E34-4F7B-43F8-8C2B-823309D51C23}"
EndProject
Project("{2150E333-8FDC-42A3-9474-1A3956D46DE8}") = "test", "test", "{D2397301-E397-40ED-8307-A9D94C7E687A}"
EndProject
Project("{2150E333-8FDC-42A3-9474-1A3956D46DE8}") = "samples", "samples", "{B791F94A-97EF-45EE-8E67-A43704F459B5}"
EndProject
Project("{9A19103F-16F7-4668-BE54-9A1E7A4F7556}") = "SwiftClient", "src\SwiftClient\SwiftClient.csproj", "{C855AA03-FD6C-422F-99FA-4A0BFCB67F39}"
EndProject
Project("{9A19103F-16F7-4668-BE54-9A1E7A4F7556}") = "SwiftClient.Test", "test\SwiftClient.Test\SwiftClient.Test.csproj", "{5985B113-1A1C-4EFD-B06C-341C4B9467E9}"
EndProject
Project("{9A19103F-16F7-4668-BE54-9A1E7A4F7556}") = "SwiftClient.AspNetCore.Demo", "samples\SwiftClient.AspNetCore.Demo\SwiftClient.AspNetCore.Demo.csproj", "{B1D7D776-743F-4819-87F1-5DDFD3D26C07}"
EndProject
Project("{9A19103F-16F7-4668-BE54-9A1E7A4F7556}") = "SwiftClient.Cli", "samples\SwiftClient.Cli\SwiftClient.Cli.csproj", "{BA84D7D5-C30D-4097-A4D3-7BA574DB13BF}"
EndProject
Project("{9A19103F-16F7-4668-BE54-9A1E7A4F7556}") = "SwiftClient.AspNetCore", "src\SwiftClient.AspNetCore\SwiftClient.AspNetCore.csproj", "{EF6AAD2D-F8C5-491D-87F2-7F24733163CF}"
EndProject
Global
	GlobalSection(SolutionConfigurationPlatforms) = preSolution
		Debug|Any CPU = Debug|Any CPU
		Release|Any CPU = Release|Any CPU
	EndGlobalSection
	GlobalSection(ProjectConfigurationPlatforms) = postSolution
		{C855AA03-FD6C-422F-99FA-4A0BFCB67F39}.Debug|Any CPU.ActiveCfg = Debug|Any CPU
		{C855AA03-FD6C-422F-99FA-4A0BFCB67F39}.Debug|Any CPU.Build.0 = Debug|Any CPU
		{C855AA03-FD6C-422F-99FA-4A0BFCB67F39}.Release|Any CPU.ActiveCfg = Release|Any CPU
		{C855AA03-FD6C-422F-99FA-4A0BFCB67F39}.Release|Any CPU.Build.0 = Release|Any CPU
		{5985B113-1A1C-4EFD-B06C-341C4B9467E9}.Debug|Any CPU.ActiveCfg = Debug|Any CPU
        {5985B113-1A1C-4EFD-B06C-341C4B9467E9}.Debug|Any CPU.Build.0 = Debug|Any CPU
        {5985B113-1A1C-4EFD-B06C-341C4B9467E9}.Release|Any CPU.ActiveCfg = Release|Any CPU
        {5985B113-1A1C-4EFD-B06C-341C4B9467E9}.Release|Any CPU.Build.0 = Release|Any CPU
        {B1D7D776-743F-4819-87F1-5DDFD3D26C07}.Debug|Any CPU.ActiveCfg = Debug|Any CPU
        {B1D7D776-743F-4819-87F1-5DDFD3D26C07}.Debug|Any CPU.Build.0 = Debug|Any CPU
        {B1D7D776-743F-4819-87F1-5DDFD3D26C07}.Release|Any CPU.ActiveCfg = Release|Any CPU
        {B1D7D776-743F-4819-87F1-5DDFD3D26C07}.Release|Any CPU.Build.0 = Release|Any CPU
        {BA84D7D5-C30D-4097-A4D3-7BA574DB13BF}.Debug|Any CPU.ActiveCfg = Debug|Any CPU
        {BA84D7D5-C30D-4097-A4D3-7BA574DB13BF}.Debug|Any CPU.Build.0 = Debug|Any CPU
        {BA84D7D5-C30D-4097-A4D3-7BA574DB13BF}.Release|Any CPU.ActiveCfg = Release|Any CPU
		{EF6AAD2D-F8C5-491D-87F2-7F24733163CF}.Debug|Any CPU.ActiveCfg = Debug|Any CPU
		{EF6AAD2D-F8C5-491D-87F2-7F24733163CF}.Debug|Any CPU.Build.0 = Debug|Any CPU
		{EF6AAD2D-F8C5-491D-87F2-7F24733163CF}.Release|Any CPU.ActiveCfg = Release|Any CPU
		{EF6AAD2D-F8C5-491D-87F2-7F24733163CF}.Release|Any CPU.Build.0 = Release|Any CPU
	EndGlobalSection
	GlobalSection(SolutionProperties) = preSolution
		HideSolutionNode = FALSE
	EndGlobalSection
	GlobalSection(NestedProjects) = preSolution
		{C855AA03-FD6C-422F-99FA-4A0BFCB67F39} = {2260B1B4-9A09-425D-8A62-511C8AA95C78}
		{5985B113-1A1C-4EFD-B06C-341C4B9467E9} = {D2397301-E397-40ED-8307-A9D94C7E687A}
		{EF6AAD2D-F8C5-491D-87F2-7F24733163CF} = {2260B1B4-9A09-425D-8A62-511C8AA95C78}
	EndGlobalSection
	GlobalSection(ExtensibilityGlobals) = postSolution
		SolutionGuid = {1BEFDF8E-3F30-4DF5-A084-C622770C11BC}
	EndGlobalSection
EndGlobal
